
Microsoft Visual Studio Solution File, Format Version 12.00
# Visual Studio Version 16
VisualStudioVersion = 16.0.33027.164
MinimumVisualStudioVersion = 10.0.40219.1
Project("{FAE04EC0-301F-11D3-BF4B-00C04F79EFBC}") = "ScrabbleFinalProject", "ScrabbleFinalProject\ScrabbleFinalProject.csproj", "{F83CC2EB-1E02-43DA-9343-A7D6A97E4AB5}"
EndProject
Project("{FAE04EC0-301F-11D3-BF4B-00C04F79EFBC}") = "ScrabbleTests", "ScrabbleTests\ScrabbleTests.csproj", "{7D43A029-433A-4704-B570-341D0009E0E3}"
	ProjectSection(ProjectDependencies) = postProject
		{F83CC2EB-1E02-43DA-9343-A7D6A97E4AB5} = {F83CC2EB-1E02-43DA-9343-A7D6A97E4AB5}
	EndProjectSection
EndProject
Global
	GlobalSection(SolutionConfigurationPlatforms) = preSolution
		Debug|Any CPU = Debug|Any CPU
		Release|Any CPU = Release|Any CPU
	EndGlobalSection
	GlobalSection(ProjectConfigurationPlatforms) = postSolution
		{F83CC2EB-1E02-43DA-9343-A7D6A97E4AB5}.Debug|Any CPU.ActiveCfg = Debug|Any CPU
		{F83CC2EB-1E02-43DA-9343-A7D6A97E4AB5}.Debug|Any CPU.Build.0 = Debug|Any CPU
		{F83CC2EB-1E02-43DA-9343-A7D6A97E4AB5}.Release|Any CPU.ActiveCfg = Release|Any CPU
		{F83CC2EB-1E02-43DA-9343-A7D6A97E4AB5}.Release|Any CPU.Build.0 = Release|Any CPU
		{7D43A029-433A-4704-B570-341D0009E0E3}.Debug|Any CPU.ActiveCfg = Debug|Any CPU
		{7D43A029-433A-4704-B570-341D0009E0E3}.Debug|Any CPU.Build.0 = Debug|Any CPU
		{7D43A029-433A-4704-B570-341D0009E0E3}.Release|Any CPU.ActiveCfg = Release|Any CPU
		{7D43A029-433A-4704-B570-341D0009E0E3}.Release|Any CPU.Build.0 = Release|Any CPU
	EndGlobalSection
	GlobalSection(SolutionProperties) = preSolution
		HideSolutionNode = FALSE
	EndGlobalSection
	GlobalSection(ExtensibilityGlobals) = postSolution
		SolutionGuid = {75911F29-F01F-4C47-A698-2E1209ADB721}
	EndGlobalSection
EndGlobal
